
Microsoft Visual Studio Solution File, Format Version 12.00
# Visual Studio Version 17
VisualStudioVersion = 17.8.34408.163
MinimumVisualStudioVersion = 10.0.40219.1
Project("{FAE04EC0-301F-11D3-BF4B-00C04F79EFBC}") = "AuthAppWithAngular", "AuthAppWithAngular\AuthAppWithAngular.csproj", "{AF997857-B6AE-4DAC-9D7B-BED9CE461DDC}"
EndProject
Global
	GlobalSection(SolutionConfigurationPlatforms) = preSolution
		Debug|Any CPU = Debug|Any CPU
		Release|Any CPU = Release|Any CPU
	EndGlobalSection
	GlobalSection(ProjectConfigurationPlatforms) = postSolution
		{AF997857-B6AE-4DAC-9D7B-BED9CE461DDC}.Debug|Any CPU.ActiveCfg = Debug|Any CPU
		{AF997857-B6AE-4DAC-9D7B-BED9CE461DDC}.Debug|Any CPU.Build.0 = Debug|Any CPU
		{AF997857-B6AE-4DAC-9D7B-BED9CE461DDC}.Release|Any CPU.ActiveCfg = Release|Any CPU
		{AF997857-B6AE-4DAC-9D7B-BED9CE461DDC}.Release|Any CPU.Build.0 = Release|Any CPU
	EndGlobalSection
	GlobalSection(SolutionProperties) = preSolution
		HideSolutionNode = FALSE
	EndGlobalSection
	GlobalSection(ExtensibilityGlobals) = postSolution
		SolutionGuid = {C9126C3D-11A2-44E3-81B7-8C90917D4EEA}
	EndGlobalSection
EndGlobal
